
Microsoft Visual Studio Solution File, Format Version 12.00
# Visual Studio Version 16
VisualStudioVersion = 16.0.31911.196
MinimumVisualStudioVersion = 10.0.40219.1
Project("{9A19103F-16F7-4668-BE54-9A1E7A4F7556}") = "BackEndProject", "BackEndProject\BackEndProject.csproj", "{9922DBA9-300D-41B8-A713-185947C8E2F7}"
EndProject
Project("{9A19103F-16F7-4668-BE54-9A1E7A4F7556}") = "EntityLayer", "EntityLayer\EntityLayer.csproj", "{55F1A8F9-BBDF-418C-B85F-B2706D07A61F}"
EndProject
Project("{9A19103F-16F7-4668-BE54-9A1E7A4F7556}") = "DataAccessLayer", "DataAccessLayer\DataAccessLayer.csproj", "{ACD6CF47-FFBC-4254-8CCB-63A67A6C7A4B}"
EndProject
Project("{9A19103F-16F7-4668-BE54-9A1E7A4F7556}") = "BusinessLayer", "BusinessLayer\BusinessLayer.csproj", "{880348AD-6768-40EC-A685-95287414D965}"
EndProject
Project("{9A19103F-16F7-4668-BE54-9A1E7A4F7556}") = "CoreLayer", "CoreLayer\CoreLayer.csproj", "{9F10680A-AFB6-4C99-9FEA-4D4046BD0EE8}"
EndProject
Project("{FAE04EC0-301F-11D3-BF4B-00C04F79EFBC}") = "WebAPI", "WebAPI\WebAPI.csproj", "{4C279AAD-8887-4017-85BA-DB8179F4B43A}"
EndProject
Global
	GlobalSection(SolutionConfigurationPlatforms) = preSolution
		Debug|Any CPU = Debug|Any CPU
		Release|Any CPU = Release|Any CPU
	EndGlobalSection
	GlobalSection(ProjectConfigurationPlatforms) = postSolution
		{9922DBA9-300D-41B8-A713-185947C8E2F7}.Debug|Any CPU.ActiveCfg = Debug|Any CPU
		{9922DBA9-300D-41B8-A713-185947C8E2F7}.Debug|Any CPU.Build.0 = Debug|Any CPU
		{9922DBA9-300D-41B8-A713-185947C8E2F7}.Release|Any CPU.ActiveCfg = Release|Any CPU
		{9922DBA9-300D-41B8-A713-185947C8E2F7}.Release|Any CPU.Build.0 = Release|Any CPU
		{55F1A8F9-BBDF-418C-B85F-B2706D07A61F}.Debug|Any CPU.ActiveCfg = Debug|Any CPU
		{55F1A8F9-BBDF-418C-B85F-B2706D07A61F}.Debug|Any CPU.Build.0 = Debug|Any CPU
		{55F1A8F9-BBDF-418C-B85F-B2706D07A61F}.Release|Any CPU.ActiveCfg = Release|Any CPU
		{55F1A8F9-BBDF-418C-B85F-B2706D07A61F}.Release|Any CPU.Build.0 = Release|Any CPU
		{ACD6CF47-FFBC-4254-8CCB-63A67A6C7A4B}.Debug|Any CPU.ActiveCfg = Debug|Any CPU
		{ACD6CF47-FFBC-4254-8CCB-63A67A6C7A4B}.Debug|Any CPU.Build.0 = Debug|Any CPU
		{ACD6CF47-FFBC-4254-8CCB-63A67A6C7A4B}.Release|Any CPU.ActiveCfg = Release|Any CPU
		{ACD6CF47-FFBC-4254-8CCB-63A67A6C7A4B}.Release|Any CPU.Build.0 = Release|Any CPU
		{880348AD-6768-40EC-A685-95287414D965}.Debug|Any CPU.ActiveCfg = Debug|Any CPU
		{880348AD-6768-40EC-A685-95287414D965}.Debug|Any CPU.Build.0 = Debug|Any CPU
		{880348AD-6768-40EC-A685-95287414D965}.Release|Any CPU.ActiveCfg = Release|Any CPU
		{880348AD-6768-40EC-A685-95287414D965}.Release|Any CPU.Build.0 = Release|Any CPU
		{9F10680A-AFB6-4C99-9FEA-4D4046BD0EE8}.Debug|Any CPU.ActiveCfg = Debug|Any CPU
		{9F10680A-AFB6-4C99-9FEA-4D4046BD0EE8}.Debug|Any CPU.Build.0 = Debug|Any CPU
		{9F10680A-AFB6-4C99-9FEA-4D4046BD0EE8}.Release|Any CPU.ActiveCfg = Release|Any CPU
		{9F10680A-AFB6-4C99-9FEA-4D4046BD0EE8}.Release|Any CPU.Build.0 = Release|Any CPU
		{4C279AAD-8887-4017-85BA-DB8179F4B43A}.Debug|Any CPU.ActiveCfg = Debug|Any CPU
		{4C279AAD-8887-4017-85BA-DB8179F4B43A}.Debug|Any CPU.Build.0 = Debug|Any CPU
		{4C279AAD-8887-4017-85BA-DB8179F4B43A}.Release|Any CPU.ActiveCfg = Release|Any CPU
		{4C279AAD-8887-4017-85BA-DB8179F4B43A}.Release|Any CPU.Build.0 = Release|Any CPU
	EndGlobalSection
	GlobalSection(SolutionProperties) = preSolution
		HideSolutionNode = FALSE
	EndGlobalSection
	GlobalSection(ExtensibilityGlobals) = postSolution
		SolutionGuid = {C686CC94-02DF-41DE-996D-B999B161EEBF}
	EndGlobalSection
EndGlobal
